// !$*UTF8*$!
{
	archiveVersion = 1;
	classes = {};
	objectVersion = 56;
	objects = {

/* Begin PBXBuildFile section */
		A10000000000000000000001 /* KebiaoApp.swift in Sources */ = {isa = PBXBuildFile; fileRef = A20000000000000000000001 /* KebiaoApp.swift */; };
		A10000000000000000000002 /* Models.swift in Sources */ = {isa = PBXBuildFile; fileRef = A20000000000000000000002 /* Models.swift */; };
		A10000000000000000000003 /* TimetableStore.swift in Sources */ = {isa = PBXBuildFile; fileRef = A20000000000000000000003 /* TimetableStore.swift */; };
		A10000000000000000000004 /* AppView.swift in Sources */ = {isa = PBXBuildFile; fileRef = A20000000000000000000004 /* AppView.swift */; };
		A10000000000000000000005 /* ScheduleView.swift in Sources */ = {isa = PBXBuildFile; fileRef = A20000000000000000000005 /* ScheduleView.swift */; };
		A10000000000000000000006 /* CoursesView.swift in Sources */ = {isa = PBXBuildFile; fileRef = A20000000000000000000006 /* CoursesView.swift */; };
		A10000000000000000000007 /* KebiaoWidget.appex in Embed Foundation Extensions */ = {isa = PBXBuildFile; fileRef = A20000000000000000000010 /* KebiaoWidget.appex */; settings = {ATTRIBUTES = (RemoveHeadersOnCopy, ); }; };
		A10000000000000000000008 /* KebiaoWidgetBundle.swift in Sources */ = {isa = PBXBuildFile; fileRef = A20000000000000000000008 /* KebiaoWidgetBundle.swift */; };
		A10000000000000000000009 /* KebiaoTodayWidget.swift in Sources */ = {isa = PBXBuildFile; fileRef = A20000000000000000000009 /* KebiaoTodayWidget.swift */; };
		A10000000000000000000010 /* Models.swift in Sources */ = {isa = PBXBuildFile; fileRef = A20000000000000000000002 /* Models.swift */; };
		B10000000000000000000001 /* KebiaoConfiguration.swift in Sources */ = {isa = PBXBuildFile; fileRef = B20000000000000000000001 /* KebiaoConfiguration.swift */; };
		B10000000000000000000002 /* KebiaoConfiguration.swift in Sources */ = {isa = PBXBuildFile; fileRef = B20000000000000000000001 /* KebiaoConfiguration.swift */; };
		B10000000000000000000003 /* ScheduleEngine.swift in Sources */ = {isa = PBXBuildFile; fileRef = B20000000000000000000002 /* ScheduleEngine.swift */; };
		B10000000000000000000004 /* ClassActivityAttributes.swift in Sources */ = {isa = PBXBuildFile; fileRef = B20000000000000000000003 /* ClassActivityAttributes.swift */; };
		B10000000000000000000005 /* ClassActivityAttributes.swift in Sources */ = {isa = PBXBuildFile; fileRef = B20000000000000000000003 /* ClassActivityAttributes.swift */; };
		B10000000000000000000006 /* ReminderScheduler.swift in Sources */ = {isa = PBXBuildFile; fileRef = B20000000000000000000004 /* ReminderScheduler.swift */; };
		B10000000000000000000007 /* LiveActivityCoordinator.swift in Sources */ = {isa = PBXBuildFile; fileRef = B20000000000000000000005 /* LiveActivityCoordinator.swift */; };
		B10000000000000000000008 /* ReminderSettingsView.swift in Sources */ = {isa = PBXBuildFile; fileRef = B20000000000000000000006 /* ReminderSettingsView.swift */; };
		B10000000000000000000009 /* KebiaoClassLiveActivity.swift in Sources */ = {isa = PBXBuildFile; fileRef = B20000000000000000000008 /* KebiaoClassLiveActivity.swift */; };
		B10000000000000000000010 /* Assets.xcassets in Resources */ = {isa = PBXBuildFile; fileRef = B20000000000000000000009 /* Assets.xcassets */; };
		C10000000000000000000001 /* ScheduleEngineTests.swift in Sources */ = {isa = PBXBuildFile; fileRef = C20000000000000000000001 /* ScheduleEngineTests.swift */; };
/* End PBXBuildFile section */

/* Begin PBXFileReference section */
		A20000000000000000000001 /* KebiaoApp.swift */ = {isa = PBXFileReference; lastKnownFileType = sourcecode.swift; path = KebiaoApp.swift; sourceTree = "<group>"; };
		A20000000000000000000002 /* Models.swift */ = {isa = PBXFileReference; lastKnownFileType = sourcecode.swift; path = Models.swift; sourceTree = "<group>"; };
		A20000000000000000000003 /* TimetableStore.swift */ = {isa = PBXFileReference; lastKnownFileType = sourcecode.swift; path = TimetableStore.swift; sourceTree = "<group>"; };
		A20000000000000000000004 /* AppView.swift */ = {isa = PBXFileReference; lastKnownFileType = sourcecode.swift; path = AppView.swift; sourceTree = "<group>"; };
		A20000000000000000000005 /* ScheduleView.swift */ = {isa = PBXFileReference; lastKnownFileType = sourcecode.swift; path = ScheduleView.swift; sourceTree = "<group>"; };
		A20000000000000000000006 /* CoursesView.swift */ = {isa = PBXFileReference; lastKnownFileType = sourcecode.swift; path = CoursesView.swift; sourceTree = "<group>"; };
		A20000000000000000000007 /* Kebiao.app */ = {isa = PBXFileReference; explicitFileType = wrapper.application; includeInIndex = 0; path = Kebiao.app; sourceTree = BUILT_PRODUCTS_DIR; };
		A20000000000000000000008 /* KebiaoWidgetBundle.swift */ = {isa = PBXFileReference; lastKnownFileType = sourcecode.swift; path = KebiaoWidgetBundle.swift; sourceTree = "<group>"; };
		A20000000000000000000009 /* KebiaoTodayWidget.swift */ = {isa = PBXFileReference; lastKnownFileType = sourcecode.swift; path = KebiaoTodayWidget.swift; sourceTree = "<group>"; };
		A20000000000000000000010 /* KebiaoWidget.appex */ = {isa = PBXFileReference; explicitFileType = "wrapper.app-extension"; includeInIndex = 0; path = KebiaoWidget.appex; sourceTree = BUILT_PRODUCTS_DIR; };
		A20000000000000000000011 /* Info.plist */ = {isa = PBXFileReference; lastKnownFileType = text.plist.xml; path = Info.plist; sourceTree = "<group>"; };
		B20000000000000000000001 /* KebiaoConfiguration.swift */ = {isa = PBXFileReference; lastKnownFileType = sourcecode.swift; path = KebiaoConfiguration.swift; sourceTree = "<group>"; };
		B20000000000000000000002 /* ScheduleEngine.swift */ = {isa = PBXFileReference; lastKnownFileType = sourcecode.swift; path = ScheduleEngine.swift; sourceTree = "<group>"; };
		B20000000000000000000003 /* ClassActivityAttributes.swift */ = {isa = PBXFileReference; lastKnownFileType = sourcecode.swift; path = ClassActivityAttributes.swift; sourceTree = "<group>"; };
		B20000000000000000000004 /* ReminderScheduler.swift */ = {isa = PBXFileReference; lastKnownFileType = sourcecode.swift; path = ReminderScheduler.swift; sourceTree = "<group>"; };
		B20000000000000000000005 /* LiveActivityCoordinator.swift */ = {isa = PBXFileReference; lastKnownFileType = sourcecode.swift; path = LiveActivityCoordinator.swift; sourceTree = "<group>"; };
		B20000000000000000000006 /* ReminderSettingsView.swift */ = {isa = PBXFileReference; lastKnownFileType = sourcecode.swift; path = ReminderSettingsView.swift; sourceTree = "<group>"; };
		B20000000000000000000007 /* Info.plist */ = {isa = PBXFileReference; lastKnownFileType = text.plist.xml; path = Info.plist; sourceTree = "<group>"; };
		B20000000000000000000008 /* KebiaoClassLiveActivity.swift */ = {isa = PBXFileReference; lastKnownFileType = sourcecode.swift; path = KebiaoClassLiveActivity.swift; sourceTree = "<group>"; };
		B20000000000000000000009 /* Assets.xcassets */ = {isa = PBXFileReference; lastKnownFileType = folder.assetcatalog; path = Assets.xcassets; sourceTree = "<group>"; };
		C20000000000000000000001 /* ScheduleEngineTests.swift */ = {isa = PBXFileReference; lastKnownFileType = sourcecode.swift; path = ScheduleEngineTests.swift; sourceTree = "<group>"; };
		C20000000000000000000002 /* KebiaoTests.xctest */ = {isa = PBXFileReference; explicitFileType = wrapper.cfbundle; includeInIndex = 0; path = KebiaoTests.xctest; sourceTree = BUILT_PRODUCTS_DIR; };
/* End PBXFileReference section */

/* Begin PBXFrameworksBuildPhase section */
		A30000000000000000000001 /* Frameworks */ = {isa = PBXFrameworksBuildPhase; buildActionMask = 2147483647; files = (); runOnlyForDeploymentPostprocessing = 0; };
		A30000000000000000000004 /* Frameworks */ = {isa = PBXFrameworksBuildPhase; buildActionMask = 2147483647; files = (); runOnlyForDeploymentPostprocessing = 0; };
		C30000000000000000000001 /* Frameworks */ = {isa = PBXFrameworksBuildPhase; buildActionMask = 2147483647; files = (); runOnlyForDeploymentPostprocessing = 0; };
/* End PBXFrameworksBuildPhase section */

/* Begin PBXGroup section */
		A40000000000000000000001 = {isa = PBXGroup; children = (A40000000000000000000002 /* Kebiao */, A40000000000000000000004 /* KebiaoWidget */, C40000000000000000000001 /* KebiaoTests */, A40000000000000000000003 /* Products */); sourceTree = "<group>"; };
		A40000000000000000000002 /* Kebiao */ = {isa = PBXGroup; children = (A20000000000000000000001 /* KebiaoApp.swift */, B20000000000000000000007 /* Info.plist */, B20000000000000000000009 /* Assets.xcassets */, A20000000000000000000002 /* Models.swift */, B20000000000000000000001 /* KebiaoConfiguration.swift */, B20000000000000000000002 /* ScheduleEngine.swift */, B20000000000000000000003 /* ClassActivityAttributes.swift */, A20000000000000000000003 /* TimetableStore.swift */, B20000000000000000000004 /* ReminderScheduler.swift */, B20000000000000000000005 /* LiveActivityCoordinator.swift */, A20000000000000000000004 /* AppView.swift */, B20000000000000000000006 /* ReminderSettingsView.swift */, A20000000000000000000005 /* ScheduleView.swift */, A20000000000000000000006 /* CoursesView.swift */); path = Kebiao; sourceTree = "<group>"; };
		A40000000000000000000003 /* Products */ = {isa = PBXGroup; children = (A20000000000000000000007 /* Kebiao.app */, A20000000000000000000010 /* KebiaoWidget.appex */, C20000000000000000000002 /* KebiaoTests.xctest */); name = Products; sourceTree = "<group>"; };
		A40000000000000000000004 /* KebiaoWidget */ = {isa = PBXGroup; children = (A20000000000000000000008 /* KebiaoWidgetBundle.swift */, A20000000000000000000009 /* KebiaoTodayWidget.swift */, B20000000000000000000008 /* KebiaoClassLiveActivity.swift */, A20000000000000000000011 /* Info.plist */); path = KebiaoWidget; sourceTree = "<group>"; };
		C40000000000000000000001 /* KebiaoTests */ = {isa = PBXGroup; children = (C20000000000000000000001 /* ScheduleEngineTests.swift */); path = KebiaoTests; sourceTree = "<group>"; };
/* End PBXGroup section */

/* Begin PBXNativeTarget section */
		A50000000000000000000001 /* Kebiao */ = {isa = PBXNativeTarget; buildConfigurationList = A60000000000000000000002 /* Build configuration list for PBXNativeTarget "Kebiao" */; buildPhases = (A30000000000000000000002 /* Sources */, A30000000000000000000001 /* Frameworks */, A30000000000000000000003 /* Resources */, A30000000000000000000005 /* Embed Foundation Extensions */); buildRules = (); dependencies = (A90000000000000000000002 /* PBXTargetDependency */); name = Kebiao; productName = Kebiao; productReference = A20000000000000000000007 /* Kebiao.app */; productType = "com.apple.product-type.application"; };
		A50000000000000000000002 /* KebiaoWidgetExtension */ = {isa = PBXNativeTarget; buildConfigurationList = A60000000000000000000003 /* Build configuration list for PBXNativeTarget "KebiaoWidgetExtension" */; buildPhases = (A30000000000000000000006 /* Sources */, A30000000000000000000004 /* Frameworks */, A30000000000000000000007 /* Resources */); buildRules = (); dependencies = (); name = KebiaoWidgetExtension; productName = KebiaoWidgetExtension; productReference = A20000000000000000000010 /* KebiaoWidget.appex */; productType = "com.apple.product-type.app-extension"; };
		C50000000000000000000001 /* KebiaoTests */ = {isa = PBXNativeTarget; buildConfigurationList = C60000000000000000000001 /* Build configuration list for PBXNativeTarget "KebiaoTests" */; buildPhases = (C30000000000000000000002 /* Sources */, C30000000000000000000001 /* Frameworks */); buildRules = (); dependencies = (C90000000000000000000002 /* PBXTargetDependency */); name = KebiaoTests; productName = KebiaoTests; productReference = C20000000000000000000002 /* KebiaoTests.xctest */; productType = "com.apple.product-type.bundle.unit-test"; };
/* End PBXNativeTarget section */

/* Begin PBXProject section */
		A70000000000000000000001 /* Project object */ = {isa = PBXProject; attributes = { BuildIndependentTargetsInParallel = 1; LastSwiftUpdateCheck = 1500; LastUpgradeCheck = 1500; TargetAttributes = { A50000000000000000000001 = { CreatedOnToolsVersion = 15.0; }; A50000000000000000000002 = { CreatedOnToolsVersion = 15.0; }; C50000000000000000000001 = { CreatedOnToolsVersion = 15.0; TestTargetID = A50000000000000000000001; }; }; }; buildConfigurationList = A60000000000000000000001 /* Build configuration list for PBXProject "Kebiao" */; compatibilityVersion = "Xcode 14.0"; developmentRegion = en; hasScannedForEncodings = 0; knownRegions = (en, Base, zh-Hans); mainGroup = A40000000000000000000001; productRefGroup = A40000000000000000000003 /* Products */; projectDirPath = ""; projectRoot = ""; targets = (A50000000000000000000001 /* Kebiao */, A50000000000000000000002 /* KebiaoWidgetExtension */, C50000000000000000000001 /* KebiaoTests */); };
/* End PBXProject section */

/* Begin PBXResourcesBuildPhase section */
		A30000000000000000000003 /* Resources */ = {isa = PBXResourcesBuildPhase; buildActionMask = 2147483647; files = (B10000000000000000000010 /* Assets.xcassets in Resources */); runOnlyForDeploymentPostprocessing = 0; };
		A30000000000000000000007 /* Resources */ = {isa = PBXResourcesBuildPhase; buildActionMask = 2147483647; files = (); runOnlyForDeploymentPostprocessing = 0; };
/* End PBXResourcesBuildPhase section */

/* Begin PBXSourcesBuildPhase section */
		A30000000000000000000002 /* Sources */ = {isa = PBXSourcesBuildPhase; buildActionMask = 2147483647; files = (A10000000000000000000001 /* KebiaoApp.swift in Sources */, A10000000000000000000002 /* Models.swift in Sources */, B10000000000000000000001 /* KebiaoConfiguration.swift in Sources */, B10000000000000000000003 /* ScheduleEngine.swift in Sources */, B10000000000000000000004 /* ClassActivityAttributes.swift in Sources */, A10000000000000000000003 /* TimetableStore.swift in Sources */, B10000000000000000000006 /* ReminderScheduler.swift in Sources */, B10000000000000000000007 /* LiveActivityCoordinator.swift in Sources */, A10000000000000000000004 /* AppView.swift in Sources */, B10000000000000000000008 /* ReminderSettingsView.swift in Sources */, A10000000000000000000005 /* ScheduleView.swift in Sources */, A10000000000000000000006 /* CoursesView.swift in Sources */); runOnlyForDeploymentPostprocessing = 0; };
		A30000000000000000000006 /* Sources */ = {isa = PBXSourcesBuildPhase; buildActionMask = 2147483647; files = (A10000000000000000000008 /* KebiaoWidgetBundle.swift in Sources */, A10000000000000000000009 /* KebiaoTodayWidget.swift in Sources */, B10000000000000000000009 /* KebiaoClassLiveActivity.swift in Sources */, A10000000000000000000010 /* Models.swift in Sources */, B10000000000000000000002 /* KebiaoConfiguration.swift in Sources */, B10000000000000000000005 /* ClassActivityAttributes.swift in Sources */); runOnlyForDeploymentPostprocessing = 0; };
		C30000000000000000000002 /* Sources */ = {isa = PBXSourcesBuildPhase; buildActionMask = 2147483647; files = (C10000000000000000000001 /* ScheduleEngineTests.swift in Sources */); runOnlyForDeploymentPostprocessing = 0; };
/* End PBXSourcesBuildPhase section */

/* Begin PBXCopyFilesBuildPhase section */
		A30000000000000000000005 /* Embed Foundation Extensions */ = {isa = PBXCopyFilesBuildPhase; buildActionMask = 2147483647; dstPath = ""; dstSubfolderSpec = 13; files = (A10000000000000000000007 /* KebiaoWidget.appex in Embed Foundation Extensions */); name = "Embed Foundation Extensions"; runOnlyForDeploymentPostprocessing = 0; };
/* End PBXCopyFilesBuildPhase section */

/* Begin PBXContainerItemProxy section */
		A90000000000000000000001 /* PBXContainerItemProxy */ = {isa = PBXContainerItemProxy; containerPortal = A70000000000000000000001 /* Project object */; proxyType = 1; remoteGlobalIDString = A50000000000000000000002; remoteInfo = KebiaoWidgetExtension; };
		C90000000000000000000001 /* PBXContainerItemProxy */ = {isa = PBXContainerItemProxy; containerPortal = A70000000000000000000001 /* Project object */; proxyType = 1; remoteGlobalIDString = A50000000000000000000001; remoteInfo = Kebiao; };
/* End PBXContainerItemProxy section */

/* Begin PBXTargetDependency section */
		A90000000000000000000002 /* PBXTargetDependency */ = {isa = PBXTargetDependency; target = A50000000000000000000002 /* KebiaoWidgetExtension */; targetProxy = A90000000000000000000001 /* PBXContainerItemProxy */; };
		C90000000000000000000002 /* PBXTargetDependency */ = {isa = PBXTargetDependency; target = A50000000000000000000001 /* Kebiao */; targetProxy = C90000000000000000000001 /* PBXContainerItemProxy */; };
/* End PBXTargetDependency section */

/* Begin XCBuildConfiguration section */
		A80000000000000000000001 /* Debug */ = {isa = XCBuildConfiguration; buildSettings = { ALWAYS_SEARCH_USER_PATHS = NO; CLANG_ENABLE_MODULES = YES; CLANG_ENABLE_OBJC_ARC = YES; CLANG_WARN_QUOTED_INCLUDE_IN_FRAMEWORK_HEADER = YES; GCC_C_LANGUAGE_STANDARD = gnu17; SWIFT_VERSION = 5.0; }; name = Debug; };
		A80000000000000000000002 /* Release */ = {isa = XCBuildConfiguration; buildSettings = { ALWAYS_SEARCH_USER_PATHS = NO; CLANG_ENABLE_MODULES = YES; CLANG_ENABLE_OBJC_ARC = YES; GCC_C_LANGUAGE_STANDARD = gnu17; SWIFT_VERSION = 5.0; }; name = Release; };
		A80000000000000000000003 /* Debug */ = {isa = XCBuildConfiguration; buildSettings = { APP_GROUP_IDENTIFIER = group.com.example.kebiao; ASSETCATALOG_COMPILER_APPICON_NAME = AppIcon; CODE_SIGN_ENTITLEMENTS = Kebiao/Kebiao.entitlements; CODE_SIGN_STYLE = Automatic; CURRENT_PROJECT_VERSION = 1; DEVELOPMENT_TEAM = ""; GENERATE_INFOPLIST_FILE = NO; INFOPLIST_FILE = Kebiao/Info.plist; IPHONEOS_DEPLOYMENT_TARGET = 17.0; MARKETING_VERSION = 1.0; PRODUCT_BUNDLE_IDENTIFIER = com.example.kebiao; PRODUCT_NAME = "$(TARGET_NAME)"; SDKROOT = iphoneos; SWIFT_EMIT_LOC_STRINGS = YES; TARGETED_DEVICE_FAMILY = "1,2"; }; name = Debug; };
		A80000000000000000000004 /* Release */ = {isa = XCBuildConfiguration; buildSettings = { APP_GROUP_IDENTIFIER = group.com.example.kebiao; ASSETCATALOG_COMPILER_APPICON_NAME = AppIcon; CODE_SIGN_ENTITLEMENTS = Kebiao/Kebiao.entitlements; CODE_SIGN_STYLE = Automatic; CURRENT_PROJECT_VERSION = 1; DEVELOPMENT_TEAM = ""; GENERATE_INFOPLIST_FILE = NO; INFOPLIST_FILE = Kebiao/Info.plist; IPHONEOS_DEPLOYMENT_TARGET = 17.0; MARKETING_VERSION = 1.0; PRODUCT_BUNDLE_IDENTIFIER = com.example.kebiao; PRODUCT_NAME = "$(TARGET_NAME)"; SDKROOT = iphoneos; SWIFT_EMIT_LOC_STRINGS = YES; TARGETED_DEVICE_FAMILY = "1,2"; }; name = Release; };
		A80000000000000000000005 /* Debug */ = {isa = XCBuildConfiguration; buildSettings = { APP_GROUP_IDENTIFIER = group.com.example.kebiao; APPLICATION_EXTENSION_API_ONLY = YES; CODE_SIGN_ENTITLEMENTS = KebiaoWidget/KebiaoWidget.entitlements; CODE_SIGN_STYLE = Automatic; CURRENT_PROJECT_VERSION = 1; DEVELOPMENT_TEAM = ""; INFOPLIST_FILE = KebiaoWidget/Info.plist; IPHONEOS_DEPLOYMENT_TARGET = 17.0; MARKETING_VERSION = 1.0; PRODUCT_BUNDLE_IDENTIFIER = com.example.kebiao.widget; PRODUCT_NAME = "$(TARGET_NAME)"; SDKROOT = iphoneos; SKIP_INSTALL = YES; SWIFT_VERSION = 5.0; TARGETED_DEVICE_FAMILY = "1,2"; }; name = Debug; };
		A80000000000000000000006 /* Release */ = {isa = XCBuildConfiguration; buildSettings = { APP_GROUP_IDENTIFIER = group.com.example.kebiao; APPLICATION_EXTENSION_API_ONLY = YES; CODE_SIGN_ENTITLEMENTS = KebiaoWidget/KebiaoWidget.entitlements; CODE_SIGN_STYLE = Automatic; CURRENT_PROJECT_VERSION = 1; DEVELOPMENT_TEAM = ""; INFOPLIST_FILE = KebiaoWidget/Info.plist; IPHONEOS_DEPLOYMENT_TARGET = 17.0; MARKETING_VERSION = 1.0; PRODUCT_BUNDLE_IDENTIFIER = com.example.kebiao.widget; PRODUCT_NAME = "$(TARGET_NAME)"; SDKROOT = iphoneos; SKIP_INSTALL = YES; SWIFT_VERSION = 5.0; TARGETED_DEVICE_FAMILY = "1,2"; }; name = Release; };
		C80000000000000000000001 /* Debug */ = {isa = XCBuildConfiguration; buildSettings = { BUNDLE_LOADER = "$(TEST_HOST)"; CODE_SIGN_STYLE = Automatic; GENERATE_INFOPLIST_FILE = YES; IPHONEOS_DEPLOYMENT_TARGET = 17.0; PRODUCT_BUNDLE_IDENTIFIER = com.example.kebiao.tests; PRODUCT_NAME = "$(TARGET_NAME)"; SDKROOT = iphoneos; SWIFT_VERSION = 5.0; TARGETED_DEVICE_FAMILY = "1,2"; TEST_HOST = "$(BUILT_PRODUCTS_DIR)/Kebiao.app/$(BUNDLE_EXECUTABLE_FOLDER_PATH)/Kebiao"; }; name = Debug; };
		C80000000000000000000002 /* Release */ = {isa = XCBuildConfiguration; buildSettings = { BUNDLE_LOADER = "$(TEST_HOST)"; CODE_SIGN_STYLE = Automatic; GENERATE_INFOPLIST_FILE = YES; IPHONEOS_DEPLOYMENT_TARGET = 17.0; PRODUCT_BUNDLE_IDENTIFIER = com.example.kebiao.tests; PRODUCT_NAME = "$(TARGET_NAME)"; SDKROOT = iphoneos; SWIFT_VERSION = 5.0; TARGETED_DEVICE_FAMILY = "1,2"; TEST_HOST = "$(BUILT_PRODUCTS_DIR)/Kebiao.app/$(BUNDLE_EXECUTABLE_FOLDER_PATH)/Kebiao"; }; name = Release; };
/* End XCBuildConfiguration section */

/* Begin XCConfigurationList section */
		A60000000000000000000001 /* Build configuration list for PBXProject "Kebiao" */ = {isa = XCConfigurationList; buildConfigurations = (A80000000000000000000001 /* Debug */, A80000000000000000000002 /* Release */); defaultConfigurationIsVisible = 0; defaultConfigurationName = Release; };
		A60000000000000000000002 /* Build configuration list for PBXNativeTarget "Kebiao" */ = {isa = XCConfigurationList; buildConfigurations = (A80000000000000000000003 /* Debug */, A80000000000000000000004 /* Release */); defaultConfigurationIsVisible = 0; defaultConfigurationName = Release; };
		A60000000000000000000003 /* Build configuration list for PBXNativeTarget "KebiaoWidgetExtension" */ = {isa = XCConfigurationList; buildConfigurations = (A80000000000000000000005 /* Debug */, A80000000000000000000006 /* Release */); defaultConfigurationIsVisible = 0; defaultConfigurationName = Release; };
		C60000000000000000000001 /* Build configuration list for PBXNativeTarget "KebiaoTests" */ = {isa = XCConfigurationList; buildConfigurations = (C80000000000000000000001 /* Debug */, C80000000000000000000002 /* Release */); defaultConfigurationIsVisible = 0; defaultConfigurationName = Release; };
/* End XCConfigurationList section */
	};
	rootObject = A70000000000000000000001 /* Project object */;
}
